// !$*UTF8*$!
{
	archiveVersion = 1;
	classes = {
	};
	objectVersion = 56;
	objects = {

/* Begin PBXBuildFile section */
		14D976D52AE6B049000A939C /* VideoShaderKit.metal in Sources */ = {isa = PBXBuildFile; fileRef = 14D976D42AE6B049000A939C /* VideoShaderKit.metal */; };
/* End PBXBuildFile section */

/* Begin PBXFileReference section */
		14D976D12AE6B049000A939C /* VideoShaderKit.metallib */ = {isa = PBXFileReference; explicitFileType = "archive.metal-library"; includeInIndex = 0; path = VideoShaderKit.metallib; sourceTree = BUILT_PRODUCTS_DIR; };
		14D976D42AE6B049000A939C /* VideoShaderKit.metal */ = {isa = PBXFileReference; lastKnownFileType = sourcecode.metal; path = VideoShaderKit.metal; sourceTree = "<group>"; };
/* End PBXFileReference section */

/* Begin PBXGroup section */
		14D976CA2AE6B049000A939C = {
			isa = PBXGroup;
			children = (
				14D976D32AE6B049000A939C /* VideoShaderKit */,
				14D976D22AE6B049000A939C /* Products */,
			);
			sourceTree = "<group>";
		};
		14D976D22AE6B049000A939C /* Products */ = {
			isa = PBXGroup;
			children = (
				14D976D12AE6B049000A939C /* VideoShaderKit.metallib */,
			);
			name = Products;
			sourceTree = "<group>";
		};
		14D976D32AE6B049000A939C /* VideoShaderKit */ = {
			isa = PBXGroup;
			children = (
				14D976D42AE6B049000A939C /* VideoShaderKit.metal */,
			);
			path = VideoShaderKit;
			sourceTree = "<group>";
		};
/* End PBXGroup section */

/* Begin PBXNativeTarget section */
		14D976D02AE6B049000A939C /* VideoShaderKit */ = {
			isa = PBXNativeTarget;
			buildConfigurationList = 14D976D82AE6B049000A939C /* Build configuration list for PBXNativeTarget "VideoShaderKit" */;
			buildPhases = (
				14D976CF2AE6B049000A939C /* Sources */,
			);
			buildRules = (
			);
			dependencies = (
			);
			name = VideoShaderKit;
			productName = VideoShaderKit;
			productReference = 14D976D12AE6B049000A939C /* VideoShaderKit.metallib */;
			productType = "com.apple.product-type.metal-library";
		};
/* End PBXNativeTarget section */

/* Begin PBXProject section */
		14D976CB2AE6B049000A939C /* Project object */ = {
			isa = PBXProject;
			attributes = {
				BuildIndependentTargetsInParallel = 1;
				LastUpgradeCheck = 1430;
				TargetAttributes = {
					14D976D02AE6B049000A939C = {
						CreatedOnToolsVersion = 14.3.1;
					};
				};
			};
			buildConfigurationList = 14D976CE2AE6B049000A939C /* Build configuration list for PBXProject "VideoShaderKit" */;
			compatibilityVersion = "Xcode 14.0";
			developmentRegion = en;
			hasScannedForEncodings = 0;
			knownRegions = (
				en,
				Base,
			);
			mainGroup = 14D976CA2AE6B049000A939C;
			productRefGroup = 14D976D22AE6B049000A939C /* Products */;
			projectDirPath = "";
			projectRoot = "";
			targets = (
				14D976D02AE6B049000A939C /* VideoShaderKit */,
			);
		};
/* End PBXProject section */

/* Begin PBXSourcesBuildPhase section */
		14D976CF2AE6B049000A939C /* Sources */ = {
			isa = PBXSourcesBuildPhase;
			buildActionMask = 2147483647;
			files = (
				14D976D52AE6B049000A939C /* VideoShaderKit.metal in Sources */,
			);
			runOnlyForDeploymentPostprocessing = 0;
		};
/* End PBXSourcesBuildPhase section */

/* Begin XCBuildConfiguration section */
		14D976D62AE6B049000A939C /* Debug */ = {
			isa = XCBuildConfiguration;
			buildSettings = {
				ALWAYS_SEARCH_USER_PATHS = NO;
				IPHONEOS_DEPLOYMENT_TARGET = 16.4;
				MTL_ENABLE_DEBUG_INFO = INCLUDE_SOURCE;
				MTL_FAST_MATH = YES;
				SDKROOT = iphoneos;
			};
			name = Debug;
		};
		14D976D72AE6B049000A939C /* Release */ = {
			isa = XCBuildConfiguration;
			buildSettings = {
				ALWAYS_SEARCH_USER_PATHS = NO;
				IPHONEOS_DEPLOYMENT_TARGET = 16.4;
				MTL_ENABLE_DEBUG_INFO = NO;
				MTL_FAST_MATH = YES;
				SDKROOT = iphoneos;
			};
			name = Release;
		};
		14D976D92AE6B049000A939C /* Debug */ = {
			isa = XCBuildConfiguration;
			buildSettings = {
				CODE_SIGN_STYLE = Automatic;
				PRODUCT_NAME = "$(TARGET_NAME)";
			};
			name = Debug;
		};
		14D976DA2AE6B049000A939C /* Release */ = {
			isa = XCBuildConfiguration;
			buildSettings = {
				CODE_SIGN_STYLE = Automatic;
				PRODUCT_NAME = "$(TARGET_NAME)";
			};
			name = Release;
		};
/* End XCBuildConfiguration section */

/* Begin XCConfigurationList section */
		14D976CE2AE6B049000A939C /* Build configuration list for PBXProject "VideoShaderKit" */ = {
			isa = XCConfigurationList;
			buildConfigurations = (
				14D976D62AE6B049000A939C /* Debug */,
				14D976D72AE6B049000A939C /* Release */,
			);
			defaultConfigurationIsVisible = 0;
			defaultConfigurationName = Release;
		};
		14D976D82AE6B049000A939C /* Build configuration list for PBXNativeTarget "VideoShaderKit" */ = {
			isa = XCConfigurationList;
			buildConfigurations = (
				14D976D92AE6B049000A939C /* Debug */,
				14D976DA2AE6B049000A939C /* Release */,
			);
			defaultConfigurationIsVisible = 0;
			defaultConfigurationName = Release;
		};
/* End XCConfigurationList section */
	};
	rootObject = 14D976CB2AE6B049000A939C /* Project object */;
}
